
Microsoft Visual Studio Solution File, Format Version 12.00
# Visual Studio 15
VisualStudioVersion = 15.0.28307.705
MinimumVisualStudioVersion = 10.0.40219.1
Project("{FAE04EC0-301F-11D3-BF4B-00C04F79EFBC}") = "SeleniumTests", "SeleniumTests\SeleniumTests.csproj", "{59E7C409-5402-4E31-B293-5C187C252F8D}"
EndProject
Global
	GlobalSection(SolutionConfigurationPlatforms) = preSolution
		Debug|Any CPU = Debug|Any CPU
		Release|Any CPU = Release|Any CPU
	EndGlobalSection
	GlobalSection(ProjectConfigurationPlatforms) = postSolution
		{59E7C409-5402-4E31-B293-5C187C252F8D}.Debug|Any CPU.ActiveCfg = Debug|Any CPU
		{59E7C409-5402-4E31-B293-5C187C252F8D}.Debug|Any CPU.Build.0 = Debug|Any CPU
		{59E7C409-5402-4E31-B293-5C187C252F8D}.Release|Any CPU.ActiveCfg = Release|Any CPU
		{59E7C409-5402-4E31-B293-5C187C252F8D}.Release|Any CPU.Build.0 = Release|Any CPU
	EndGlobalSection
	GlobalSection(SolutionProperties) = preSolution
		HideSolutionNode = FALSE
	EndGlobalSection
	GlobalSection(ExtensibilityGlobals) = postSolution
		SolutionGuid = {F9F5CFBE-D12A-4C6E-9D05-2956614EF399}
	EndGlobalSection
EndGlobal
